
Microsoft Visual Studio Solution File, Format Version 12.00
# Visual Studio Version 17
VisualStudioVersion = 17.8.34330.188
MinimumVisualStudioVersion = 10.0.40219.1
Project("{2150E333-8FDC-42A3-9474-1A3956D46DE8}") = "FrontEnd", "FrontEnd", "{4D11542F-A198-4A1D-8A5C-1D377CB1B1B8}"
EndProject
Project("{2150E333-8FDC-42A3-9474-1A3956D46DE8}") = "Services", "Services", "{1EE93448-DAE9-4F27-9055-C5D47873F50E}"
EndProject
Project("{9A19103F-16F7-4668-BE54-9A1E7A4F7556}") = "GeekShopping.ProductAPI", "GeekShopping.ProductAPI\GeekShopping.ProductAPI.csproj", "{92ECADAF-EF6F-4002-830E-6C863412224E}"
EndProject
Project("{FAE04EC0-301F-11D3-BF4B-00C04F79EFBC}") = "GeekShopping.Web", "GeekShopping.Web\GeekShopping.Web.csproj", "{033886A2-EDAB-4188-92D9-EC7113C459ED}"
EndProject
Global
	GlobalSection(SolutionConfigurationPlatforms) = preSolution
		Debug|Any CPU = Debug|Any CPU
		Release|Any CPU = Release|Any CPU
	EndGlobalSection
	GlobalSection(ProjectConfigurationPlatforms) = postSolution
		{92ECADAF-EF6F-4002-830E-6C863412224E}.Debug|Any CPU.ActiveCfg = Debug|Any CPU
		{92ECADAF-EF6F-4002-830E-6C863412224E}.Debug|Any CPU.Build.0 = Debug|Any CPU
		{92ECADAF-EF6F-4002-830E-6C863412224E}.Release|Any CPU.ActiveCfg = Release|Any CPU
		{92ECADAF-EF6F-4002-830E-6C863412224E}.Release|Any CPU.Build.0 = Release|Any CPU
		{033886A2-EDAB-4188-92D9-EC7113C459ED}.Debug|Any CPU.ActiveCfg = Debug|Any CPU
		{033886A2-EDAB-4188-92D9-EC7113C459ED}.Debug|Any CPU.Build.0 = Debug|Any CPU
		{033886A2-EDAB-4188-92D9-EC7113C459ED}.Release|Any CPU.ActiveCfg = Release|Any CPU
		{033886A2-EDAB-4188-92D9-EC7113C459ED}.Release|Any CPU.Build.0 = Release|Any CPU
	EndGlobalSection
	GlobalSection(SolutionProperties) = preSolution
		HideSolutionNode = FALSE
	EndGlobalSection
	GlobalSection(NestedProjects) = preSolution
		{92ECADAF-EF6F-4002-830E-6C863412224E} = {1EE93448-DAE9-4F27-9055-C5D47873F50E}
		{033886A2-EDAB-4188-92D9-EC7113C459ED} = {4D11542F-A198-4A1D-8A5C-1D377CB1B1B8}
	EndGlobalSection
	GlobalSection(ExtensibilityGlobals) = postSolution
		SolutionGuid = {86A88B40-6074-4B8E-BE0D-0E49728A2732}
	EndGlobalSection
EndGlobal
